{
    "name": "worker-1",
    "version": "1.0.0",
    "lockfileVersion": 2,
    "requires": true,
    "packages": {
        "": {
            "name": "worker-1",
            "version": "1.0.0",
            "license": "NOLICENSE",
            "dependencies": {
                "durafetch-server": "file:../.."
            },
            "devDependencies": {}
        },
        "../..": {
            "version": "1.0.0",
            "license": "SEE LICENSE IN LICENSE",
            "dependencies": {
                "lodash": "^4.17.21"
            },
            "devDependencies": {
                "@cloudflare/workers-types": "^4.20230518.0",
                "typescript": "^5.0.4"
            }
        },
        "node_modules/durafetch-server": {
            "resolved": "../..",
            "link": true
        }
    },
    "dependencies": {
        "durafetch-server": {
            "version": "file:../..",
            "requires": {
                "@cloudflare/workers-types": "^4.20230518.0",
                "lodash": "^4.17.21",
                "typescript": "^5.0.4"
            }
        }
    }
}
